# THIS IS AN AUTOGENERATED FILE. DO NOT EDIT THIS FILE DIRECTLY.
# yarn lockfile v1


"@fortawesome/fontawesome-free@^5.11.1":
  version "5.11.1"
  resolved "https://registry.yarnpkg.com/@fortawesome/fontawesome-free/-/fontawesome-free-5.11.1.tgz#cef685a74708cf57b367c32d9f36a931c5a4e894"
  integrity sha512-DtXLVYAkDU0ce1cFUgLvZaMd1R2J/LviBYih9xr4ZLhQMrgvYX7w2vOxlpKLRALfIj5GyC5zoVrcACOkLcFgvg==
